{
  "requires": true,
  "lockfileVersion": 1,
  "dependencies": {
    "aframe-htmlembed-component": {
      "version": "1.0.0",
      "resolved": "https://registry.npmjs.org/aframe-htmlembed-component/-/aframe-htmlembed-component-1.0.0.tgz",
      "integrity": "sha512-zE3OuESH3O1e9oHNOT+ITVDo3gdwuuWfQnITIDs4Ve2fe4+Rm9r/1IL4w7dRwX39s9ihlEcpxbnEyK82a4ua8w=="
    }
  }
}
